
Microsoft Visual Studio Solution File, Format Version 12.00
# Visual Studio 15
VisualStudioVersion = 15.0.26730.8
MinimumVisualStudioVersion = 10.0.40219.1
Project("{FAE04EC0-301F-11D3-BF4B-00C04F79EFBC}") = "FactoryPattern", "FactoryPattern\FactoryPattern.csproj", "{B53D712D-3103-45D0-A121-A01F2ABB1C4D}"
EndProject
Global
	GlobalSection(SolutionConfigurationPlatforms) = preSolution
		Debug|Any CPU = Debug|Any CPU
		Release|Any CPU = Release|Any CPU
	EndGlobalSection
	GlobalSection(ProjectConfigurationPlatforms) = postSolution
		{B53D712D-3103-45D0-A121-A01F2ABB1C4D}.Debug|Any CPU.ActiveCfg = Debug|Any CPU
		{B53D712D-3103-45D0-A121-A01F2ABB1C4D}.Debug|Any CPU.Build.0 = Debug|Any CPU
		{B53D712D-3103-45D0-A121-A01F2ABB1C4D}.Release|Any CPU.ActiveCfg = Release|Any CPU
		{B53D712D-3103-45D0-A121-A01F2ABB1C4D}.Release|Any CPU.Build.0 = Release|Any CPU
	EndGlobalSection
	GlobalSection(SolutionProperties) = preSolution
		HideSolutionNode = FALSE
	EndGlobalSection
	GlobalSection(ExtensibilityGlobals) = postSolution
		SolutionGuid = {C09F5493-CED6-4C72-8448-78728FFB20E9}
	EndGlobalSection
EndGlobal
